<?xml version="1.0" encoding="utf-8"?>
<Project ToolsVersion="4.0" xmlns="http://schemas.microsoft.com/developer/msbuild/2003">
  <ItemGroup>
    <ClCompile Include="main.cpp" />
    <ClCompile Include="recipesManager.cpp">
      <Filter>Recipes</Filter>
    </ClCompile>
    <ClCompile Include="app.cpp" />
    <ClCompile Include="libs\ui\imgui.cpp">
      <Filter>Deps\UI</Filter>
    </ClCompile>
    <ClCompile Include="libs\ui\imgui_demo.cpp">
      <Filter>Deps\UI</Filter>
    </ClCompile>
    <ClCompile Include="libs\ui\imgui_draw.cpp">
      <Filter>Deps\UI</Filter>
    </ClCompile>
    <ClCompile Include="libs\ui\imgui_impl_glfw.cpp">
      <Filter>Deps\UI</Filter>
    </ClCompile>
    <ClCompile Include="libs\ui\imgui_impl_opengl3.cpp">
      <Filter>Deps\UI</Filter>
    </ClCompile>
    <ClCompile Include="libs\ui\imgui_tables.cpp">
      <Filter>Deps\UI</Filter>
    </ClCompile>
    <ClCompile Include="libs\ui\imgui_widgets.cpp">
      <Filter>Deps\UI</Filter>
    </ClCompile>
    <ClCompile Include="recipeLoader.cpp">
      <Filter>Recipes</Filter>
    </ClCompile>
  </ItemGroup>
  <ItemGroup>
    <ClInclude Include="recipesManager.h">
      <Filter>Recipes</Filter>
    </ClInclude>
    <ClInclude Include="app.h" />
    <ClInclude Include="libs\ui\imconfig.h">
      <Filter>Deps\UI</Filter>
    </ClInclude>
    <ClInclude Include="libs\ui\imgui.h">
      <Filter>Deps\UI</Filter>
    </ClInclude>
    <ClInclude Include="libs\ui\imgui_impl_glfw.h">
      <Filter>Deps\UI</Filter>
    </ClInclude>
    <ClInclude Include="libs\ui\imgui_impl_opengl3.h">
      <Filter>Deps\UI</Filter>
    </ClInclude>
    <ClInclude Include="libs\ui\imgui_impl_opengl3_loader.h">
      <Filter>Deps\UI</Filter>
    </ClInclude>
    <ClInclude Include="libs\ui\imgui_internal.h">
      <Filter>Deps\UI</Filter>
    </ClInclude>
    <ClInclude Include="libs\ui\imstb_rectpack.h">
      <Filter>Deps\UI</Filter>
    </ClInclude>
    <ClInclude Include="libs\ui\imstb_textedit.h">
      <Filter>Deps\UI</Filter>
    </ClInclude>
    <ClInclude Include="libs\ui\imstb_truetype.h">
      <Filter>Deps\UI</Filter>
    </ClInclude>
    <ClInclude Include="recipeLoader.h">
      <Filter>Recipes</Filter>
    </ClInclude>
    <ClInclude Include="libs\json\json.hpp">
      <Filter>Deps</Filter>
    </ClInclude>
  </ItemGroup>
  <ItemGroup>
    <Filter Include="Recipes">
      <UniqueIdentifier>{4116bfba-93f6-4b33-9ded-874e40ef8e77}</UniqueIdentifier>
    </Filter>
    <Filter Include="Deps">
      <UniqueIdentifier>{b76b35ef-69a5-4adc-bb79-e84c5126bad5}</UniqueIdentifier>
    </Filter>
    <Filter Include="Deps\UI">
      <UniqueIdentifier>{a2687169-cadd-4cb4-871d-bf2080e79062}</UniqueIdentifier>
    </Filter>
  </ItemGroup>
  <ItemGroup>
    <Text Include="TODO.txt" />
  </ItemGroup>
</Project>